# This file is @generated by PDM.
# It is not intended for manual editing.

[metadata]
groups = ["default", "dev"]
strategy = ["cross_platform", "inherit_metadata"]
lock_version = "4.5.0"
content_hash = "sha256:54fb4c0bcb481da9b899af0430d90bc8ae3f46c45b70fad14927604658287bb6"

[[metadata.targets]]
requires_python = ">=3.9"

[[package]]
name = "black"
version = "24.10.0"
requires_python = ">=3.9"
summary = "The uncompromising code formatter."
groups = ["dev"]
dependencies = [
    "click>=8.0.0",
    "mypy-extensions>=0.4.3",
    "packaging>=22.0",
    "pathspec>=0.9.0",
    "platformdirs>=2",
    "tomli>=1.1.0; python_version < \"3.11\"",
    "typing-extensions>=4.0.1; python_version < \"3.11\"",
]
files = [
    {file = "black-24.10.0-cp310-cp310-macosx_10_9_x86_64.whl", hash = "sha256:e6668650ea4b685440857138e5fe40cde4d652633b1bdffc62933d0db4ed9812"},
    {file = "black-24.10.0-cp310-cp310-macosx_11_0_arm64.whl", hash = "sha256:1c536fcf674217e87b8cc3657b81809d3c085d7bf3ef262ead700da345bfa6ea"},
    {file = "black-24.10.0-cp310-cp310-manylinux_2_17_x86_64.manylinux2014_x86_64.manylinux_2_28_x86_64.whl", hash = "sha256:649fff99a20bd06c6f727d2a27f401331dc0cc861fb69cde910fe95b01b5928f"},
    {file = "black-24.10.0-cp310-cp310-win_amd64.whl", hash = "sha256:fe4d6476887de70546212c99ac9bd803d90b42fc4767f058a0baa895013fbb3e"},
    {file = "black-24.10.0-cp311-cp311-macosx_10_9_x86_64.whl", hash = "sha256:5a2221696a8224e335c28816a9d331a6c2ae15a2ee34ec857dcf3e45dbfa99ad"},
    {file = "black-24.10.0-cp311-cp311-macosx_11_0_arm64.whl", hash = "sha256:f9da3333530dbcecc1be13e69c250ed8dfa67f43c4005fb537bb426e19200d50"},
    {file = "black-24.10.0-cp311-cp311-manylinux_2_17_x86_64.manylinux2014_x86_64.manylinux_2_28_x86_64.whl", hash = "sha256:4007b1393d902b48b36958a216c20c4482f601569d19ed1df294a496eb366392"},
    {file = "black-24.10.0-cp311-cp311-win_amd64.whl", hash = "sha256:394d4ddc64782e51153eadcaaca95144ac4c35e27ef9b0a42e121ae7e57a9175"},
    {file = "black-24.10.0-cp312-cp312-macosx_10_13_x86_64.whl", hash = "sha256:b5e39e0fae001df40f95bd8cc36b9165c5e2ea88900167bddf258bacef9bbdc3"},
    {file = "black-24.10.0-cp312-cp312-macosx_11_0_arm64.whl", hash = "sha256:d37d422772111794b26757c5b55a3eade028aa3fde43121ab7b673d050949d65"},
    {file = "black-24.10.0-cp312-cp312-manylinux_2_17_x86_64.manylinux2014_x86_64.manylinux_2_28_x86_64.whl", hash = "sha256:14b3502784f09ce2443830e3133dacf2c0110d45191ed470ecb04d0f5f6fcb0f"},
    {file = "black-24.10.0-cp312-cp312-win_amd64.whl", hash = "sha256:30d2c30dc5139211dda799758559d1b049f7f14c580c409d6ad925b74a4208a8"},
    {file = "black-24.10.0-cp313-cp313-macosx_10_13_x86_64.whl", hash = "sha256:1cbacacb19e922a1d75ef2b6ccaefcd6e93a2c05ede32f06a21386a04cedb981"},
    {file = "black-24.10.0-cp313-cp313-macosx_11_0_arm64.whl", hash = "sha256:1f93102e0c5bb3907451063e08b9876dbeac810e7da5a8bfb7aeb5a9ef89066b"},
    {file = "black-24.10.0-cp313-cp313-manylinux_2_17_x86_64.manylinux2014_x86_64.manylinux_2_28_x86_64.whl", hash = "sha256:ddacb691cdcdf77b96f549cf9591701d8db36b2f19519373d60d31746068dbf2"},
    {file = "black-24.10.0-cp313-cp313-win_amd64.whl", hash = "sha256:680359d932801c76d2e9c9068d05c6b107f2584b2a5b88831c83962eb9984c1b"},
    {file = "black-24.10.0-cp39-cp39-macosx_10_9_x86_64.whl", hash = "sha256:17374989640fbca88b6a448129cd1745c5eb8d9547b464f281b251dd00155ccd"},
    {file = "black-24.10.0-cp39-cp39-macosx_11_0_arm64.whl", hash = "sha256:63f626344343083322233f175aaf372d326de8436f5928c042639a4afbbf1d3f"},
    {file = "black-24.10.0-cp39-cp39-manylinux_2_17_x86_64.manylinux2014_x86_64.manylinux_2_28_x86_64.whl", hash = "sha256:ccfa1d0cb6200857f1923b602f978386a3a2758a65b52e0950299ea014be6800"},
    {file = "black-24.10.0-cp39-cp39-win_amd64.whl", hash = "sha256:2cd9c95431d94adc56600710f8813ee27eea544dd118d45896bb734e9d7a0dc7"},
    {file = "black-24.10.0-py3-none-any.whl", hash = "sha256:3bb2b7a1f7b685f85b11fed1ef10f8a9148bceb49853e47a294a3dd963c1dd7d"},
    {file = "black-24.10.0.tar.gz", hash = "sha256:846ea64c97afe3bc677b761787993be4991810ecc7a4a937816dd6bddedc4875"},
]

[[package]]
name = "click"
version = "8.1.8"
requires_python = ">=3.7"
summary = "Composable command line interface toolkit"
groups = ["dev"]
dependencies = [
    "colorama; platform_system == \"Windows\"",
    "importlib-metadata; python_version < \"3.8\"",
]
files = [
    {file = "click-8.1.8-py3-none-any.whl", hash = "sha256:63c132bbbed01578a06712a2d1f497bb62d9c1c0d329b7903a866228027263b2"},
    {file = "click-8.1.8.tar.gz", hash = "sha256:ed53c9d8990d83c2a27deae68e4ee337473f6330c040a31d4225c9574d16096a"},
]

[[package]]
name = "colorama"
version = "0.4.6"
requires_python = "!=3.0.*,!=3.1.*,!=3.2.*,!=3.3.*,!=3.4.*,!=3.5.*,!=3.6.*,>=2.7"
summary = "Cross-platform colored terminal text."
groups = ["dev"]
marker = "platform_system == \"Windows\""
files = [
    {file = "colorama-0.4.6-py2.py3-none-any.whl", hash = "sha256:4f1d9991f5acc0ca119f9d443620b77f9d6b33703e51011c16baf57afb285fc6"},
    {file = "colorama-0.4.6.tar.gz", hash = "sha256:08695f5cb7ed6e0531a20572697297273c47b8cae5a63ffc6d6ed5c201be6e44"},
]

[[package]]
name = "isort"
version = "5.13.2"
requires_python = ">=3.8.0"
summary = "A Python utility / library to sort Python imports."
groups = ["dev"]
files = [
    {file = "isort-5.13.2-py3-none-any.whl", hash = "sha256:8ca5e72a8d85860d5a3fa69b8745237f2939afe12dbf656afbcb47fe72d947a6"},
    {file = "isort-5.13.2.tar.gz", hash = "sha256:48fdfcb9face5d58a4f6dde2e72a1fb8dcaf8ab26f95ab49fab84c2ddefb0109"},
]

[[package]]
name = "mypy-extensions"
version = "1.0.0"
requires_python = ">=3.5"
summary = "Type system extensions for programs checked with the mypy type checker."
groups = ["dev"]
files = [
    {file = "mypy_extensions-1.0.0-py3-none-any.whl", hash = "sha256:4392f6c0eb8a5668a69e23d168ffa70f0be9ccfd32b5cc2d26a34ae5b844552d"},
    {file = "mypy_extensions-1.0.0.tar.gz", hash = "sha256:75dbf8955dc00442a438fc4d0666508a9a97b6bd41aa2f0ffe9d2f2725af0782"},
]

[[package]]
name = "packaging"
version = "24.2"
requires_python = ">=3.8"
summary = "Core utilities for Python packages"
groups = ["dev"]
files = [
    {file = "packaging-24.2-py3-none-any.whl", hash = "sha256:09abb1bccd265c01f4a3aa3f7a7db064b36514d2cba19a2f694fe6150451a759"},
    {file = "packaging-24.2.tar.gz", hash = "sha256:c228a6dc5e932d346bc5739379109d49e8853dd8223571c7c5b55260edc0b97f"},
]

[[package]]
name = "pathspec"
version = "0.12.1"
requires_python = ">=3.8"
summary = "Utility library for gitignore style pattern matching of file paths."
groups = ["dev"]
files = [
    {file = "pathspec-0.12.1-py3-none-any.whl", hash = "sha256:a0d503e138a4c123b27490a4f7beda6a01c6f288df0e4a8b79c7eb0dc7b4cc08"},
    {file = "pathspec-0.12.1.tar.gz", hash = "sha256:a482d51503a1ab33b1c67a6c3813a26953dbdc71c31dacaef9a838c4e29f5712"},
]

[[package]]
name = "platformdirs"
version = "4.3.6"
requires_python = ">=3.8"
summary = "A small Python package for determining appropriate platform-specific dirs, e.g. a `user data dir`."
groups = ["dev"]
files = [
    {file = "platformdirs-4.3.6-py3-none-any.whl", hash = "sha256:73e575e1408ab8103900836b97580d5307456908a03e92031bab39e4554cc3fb"},
    {file = "platformdirs-4.3.6.tar.gz", hash = "sha256:357fb2acbc885b0419afd3ce3ed34564c13c9b95c89360cd9563f73aa5e2b907"},
]

[[package]]
name = "tarina"
version = "0.6.7"
requires_python = ">=3.9"
summary = "A collection of common utils for Arclet"
groups = ["default"]
dependencies = [
    "typing-extensions>=4.4.0",
]
files = [
    {file = "tarina-0.6.7-cp310-cp310-macosx_10_9_universal2.whl", hash = "sha256:a54c0dd2a8213eef78ae9229f8214e497a012a7c3da25423a239e417e39b0775"},
    {file = "tarina-0.6.7-cp310-cp310-macosx_10_9_x86_64.whl", hash = "sha256:e3106022d5655bc142b5766f17620c0f9a6ba5a0036c482f9e9c6156ce3ac738"},
    {file = "tarina-0.6.7-cp310-cp310-macosx_11_0_arm64.whl", hash = "sha256:d3cae2e29c3d57c81cca84b99e634ef9633e92f2d6c41b564c1af9ec05a71c47"},
    {file = "tarina-0.6.7-cp310-cp310-manylinux_2_17_aarch64.manylinux2014_aarch64.whl", hash = "sha256:e3c47ab9ad835807d357fbbd6ad158a36e9a4944c4edda0e46f9a3bfb5b75ea9"},
    {file = "tarina-0.6.7-cp310-cp310-manylinux_2_17_ppc64le.manylinux2014_ppc64le.whl", hash = "sha256:32639e1197a9c54b8dcfc4cef5de01af64f874e99ec842172ed256a1b821594b"},
    {file = "tarina-0.6.7-cp310-cp310-manylinux_2_17_s390x.manylinux2014_s390x.whl", hash = "sha256:a0c3a50094dd2d6271e79775462a9a253c9bf49c42769edd7ce173ee250e9a4b"},
    {file = "tarina-0.6.7-cp310-cp310-manylinux_2_17_x86_64.manylinux2014_x86_64.whl", hash = "sha256:3c239b48dc82c0be24c55a92d261268cb890737ecf8024ea260e635cdb2a0650"},
    {file = "tarina-0.6.7-cp310-cp310-manylinux_2_5_i686.manylinux1_i686.manylinux_2_17_i686.manylinux2014_i686.whl", hash = "sha256:3c6669c78be73cf2f1b89e60e2e3b2946f03c9eaf69dcfe4ea747a8e1f2d7290"},
    {file = "tarina-0.6.7-cp310-cp310-musllinux_1_2_aarch64.whl", hash = "sha256:b5f3303be5ef3d41325902d907a726eb008dde485ea8946dd47fe00d160c2ec6"},
    {file = "tarina-0.6.7-cp310-cp310-musllinux_1_2_i686.whl", hash = "sha256:177a29a5184ac52a6cc79f201eecd7e70159dfdfb270fd2c0f35d78ce9082094"},
    {file = "tarina-0.6.7-cp310-cp310-musllinux_1_2_ppc64le.whl", hash = "sha256:de3ff80d7d8014799f157b8bf3e0836ee93ce0e79eb978b1211a43599a675518"},
    {file = "tarina-0.6.7-cp310-cp310-musllinux_1_2_s390x.whl", hash = "sha256:b402eafdfe455eab55db7a6c2884a555e4c212c23a84b69fb0202781ed3587a4"},
    {file = "tarina-0.6.7-cp310-cp310-musllinux_1_2_x86_64.whl", hash = "sha256:f91b737345e703c18f3fc7b802b5b8437636282f893ca0ebca08a9322d8433fc"},
    {file = "tarina-0.6.7-cp310-cp310-win32.whl", hash = "sha256:8d4622952c44c26efd9752edad46689eaf0ff720f538a9de6d44fb8fc3c0b09b"},
    {file = "tarina-0.6.7-cp310-cp310-win_amd64.whl", hash = "sha256:68871b82399e5afe6f2bab0d2e15868e632d53470a51b7c99c7b24aff25f9fc1"},
    {file = "tarina-0.6.7-cp311-cp311-macosx_10_9_universal2.whl", hash = "sha256:b9057930edad8e7ab3395acfed3eb740b55f0f531e3c7759b52ff88bba1f76f7"},
    {file = "tarina-0.6.7-cp311-cp311-macosx_10_9_x86_64.whl", hash = "sha256:549f3eea41e61e5ffbb3bcac190b9cf23f2d0679622df789d314bdec456064b2"},
    {file = "tarina-0.6.7-cp311-cp311-macosx_11_0_arm64.whl", hash = "sha256:1e792d0c6a73c02590ee9ad8903ad5314805bc9952b8dbf4a56f08b8d863c664"},
    {file = "tarina-0.6.7-cp311-cp311-manylinux_2_17_aarch64.manylinux2014_aarch64.whl", hash = "sha256:ee0a3af2f1cf6c8c97a692e5dd4bc1bc42ebd09101e2e2ba8dfbc31de7c37afd"},
    {file = "tarina-0.6.7-cp311-cp311-manylinux_2_17_ppc64le.manylinux2014_ppc64le.whl", hash = "sha256:f2875d1eab24c658e84a9dfd26ed04bb4f1ec629b6842544968a76641176693f"},
    {file = "tarina-0.6.7-cp311-cp311-manylinux_2_17_s390x.manylinux2014_s390x.whl", hash = "sha256:d49d17d25eab0961b3130436252b7e570fb1131e866a268e18c84a4bc284ae56"},
    {file = "tarina-0.6.7-cp311-cp311-manylinux_2_17_x86_64.manylinux2014_x86_64.whl", hash = "sha256:41f0da6676a438547d126446a0b66df3d4aee864efe7b6329c882d928ca1fad9"},
    {file = "tarina-0.6.7-cp311-cp311-manylinux_2_5_i686.manylinux1_i686.manylinux_2_17_i686.manylinux2014_i686.whl", hash = "sha256:cb7a52b2bd8a0df8e69eabd5701a0080e874363c37c6eb283c8a908977ea042b"},
    {file = "tarina-0.6.7-cp311-cp311-musllinux_1_2_aarch64.whl", hash = "sha256:e42fbeef636fce7ad2893a6d2c66f4370ea6acc696b6e5e45a99b776a14b6f97"},
    {file = "tarina-0.6.7-cp311-cp311-musllinux_1_2_i686.whl", hash = "sha256:40adb6061171d1f28a29f88542cc3d6473cdd8b628c8ee6082437003af06211d"},
    {file = "tarina-0.6.7-cp311-cp311-musllinux_1_2_ppc64le.whl", hash = "sha256:f5b801343ee24f709aee5fe1d233c7ec4e12e560d61ce4a85b03a62c42aa1ffd"},
    {file = "tarina-0.6.7-cp311-cp311-musllinux_1_2_s390x.whl", hash = "sha256:d25f6f6509eacf70764cd9f9441ba5354030e3024225f21c04132966804c349d"},
    {file = "tarina-0.6.7-cp311-cp311-musllinux_1_2_x86_64.whl", hash = "sha256:74cc5cbbe005bef865c62ed1b416e46e713f49ed539e9ea3efa203985019d0aa"},
    {file = "tarina-0.6.7-cp311-cp311-win32.whl", hash = "sha256:f0035391edbe0e3a0e6936a43ad26ba4231aeed9764307b60bf88d74793f11b5"},
    {file = "tarina-0.6.7-cp311-cp311-win_amd64.whl", hash = "sha256:e96485bdb994ea46cd9d9112f034a03873f774e8e82cd47d4741d6c2e34bc83d"},
    {file = "tarina-0.6.7-cp312-cp312-macosx_10_13_universal2.whl", hash = "sha256:e67ba4557f47baee42cababc59910e26ed0d1462e2ffc93cbb67bf8a536dd157"},
    {file = "tarina-0.6.7-cp312-cp312-macosx_10_13_x86_64.whl", hash = "sha256:8a44a6c51a80ce6b1b0dd1329c1c8fcfa318110da815e89e273c932c30e0bc26"},
    {file = "tarina-0.6.7-cp312-cp312-macosx_11_0_arm64.whl", hash = "sha256:67eda037393ef8c930ea9ff12c0eb606a64c4ed5d5c2043afa6d61f77afd648d"},
    {file = "tarina-0.6.7-cp312-cp312-manylinux_2_17_aarch64.manylinux2014_aarch64.whl", hash = "sha256:6d676af1e8ccbc6289c815359492fb85c31628274a356a965de87ba5c130d135"},
    {file = "tarina-0.6.7-cp312-cp312-manylinux_2_17_ppc64le.manylinux2014_ppc64le.whl", hash = "sha256:69c8675605d52b6698587d107041d63b2c8a08a3fc893a274fce6d66d1df8160"},
    {file = "tarina-0.6.7-cp312-cp312-manylinux_2_17_s390x.manylinux2014_s390x.whl", hash = "sha256:a3be97e27613d7063b815e137fd044ca89b4d3216bc6d5ac3cc8a610b24df237"},
    {file = "tarina-0.6.7-cp312-cp312-manylinux_2_17_x86_64.manylinux2014_x86_64.whl", hash = "sha256:7272f37c95fed555846bfa7f3cd51c13597d67bedf0f9715ecb4e95fc02dc1ea"},
    {file = "tarina-0.6.7-cp312-cp312-manylinux_2_5_i686.manylinux1_i686.manylinux_2_17_i686.manylinux2014_i686.whl", hash = "sha256:42227541d5fe23180bb80ac997a305876872b6d73bd03d1d3edc835f71a63f23"},
    {file = "tarina-0.6.7-cp312-cp312-musllinux_1_2_aarch64.whl", hash = "sha256:b6c1e0bb0900cb16a15dc7f3e2798522bebb28e45e16ae6d70384057ebf1b878"},
    {file = "tarina-0.6.7-cp312-cp312-musllinux_1_2_i686.whl", hash = "sha256:22e3073b825ffd84bbc0bb01e2a8086837f50ed2f446193fdc1d0d93fed71330"},
    {file = "tarina-0.6.7-cp312-cp312-musllinux_1_2_ppc64le.whl", hash = "sha256:d3dd51630b4e31b21ef58ef02392bf723f5005d921e7df0beea40c29f0462113"},
    {file = "tarina-0.6.7-cp312-cp312-musllinux_1_2_s390x.whl", hash = "sha256:f17a0f91fd8c3ddbbb190012fe214434a8ece9b6959c7f3116b5a4500ff58882"},
    {file = "tarina-0.6.7-cp312-cp312-musllinux_1_2_x86_64.whl", hash = "sha256:63d2f39942ac717f64755a148eca0cf4893c1ea88ee6bfbadd61332d53b50315"},
    {file = "tarina-0.6.7-cp312-cp312-win32.whl", hash = "sha256:ad268fb4b27cf2569382bea33fb1174f72c6c687d776807bdd5fce9939a2762f"},
    {file = "tarina-0.6.7-cp312-cp312-win_amd64.whl", hash = "sha256:5b5b400574c47b865927d9999e5aff19500188fc2e2aa28148bd603aacd0d292"},
    {file = "tarina-0.6.7-cp313-cp313-macosx_10_13_universal2.whl", hash = "sha256:b4a64041f26bf85f6513aecc9f9ee5f5a3e6c02311af31a62508136e747655ef"},
    {file = "tarina-0.6.7-cp313-cp313-macosx_10_13_x86_64.whl", hash = "sha256:5fd6428f1fd5e2b697dc187e4afaea469e5feb0abd3ebe7287a5f66e72892451"},
    {file = "tarina-0.6.7-cp313-cp313-macosx_11_0_arm64.whl", hash = "sha256:29b48578fa77b683582772edf775a08e0525f7d3691db50cef94eee596a296bc"},
    {file = "tarina-0.6.7-cp313-cp313-manylinux_2_17_aarch64.manylinux2014_aarch64.whl", hash = "sha256:97dd4afb6b1913088a37bc225b774cc963d752a843c9369d635f41582f94310f"},
    {file = "tarina-0.6.7-cp313-cp313-manylinux_2_17_ppc64le.manylinux2014_ppc64le.whl", hash = "sha256:1548653c7be058ccc42018b831a9dc7c3a27072d874c930e5eef09976cbe810b"},
    {file = "tarina-0.6.7-cp313-cp313-manylinux_2_17_s390x.manylinux2014_s390x.whl", hash = "sha256:d05d7cc5b8ac50ea0d9f43d4ae03da81d5aa3bfe73bf5c8d9c352f5d404e7547"},
    {file = "tarina-0.6.7-cp313-cp313-manylinux_2_17_x86_64.manylinux2014_x86_64.whl", hash = "sha256:d7f938b400d3b6bd67706943311208c44b681e615d8aadecf2fc4a76958a08ba"},
    {file = "tarina-0.6.7-cp313-cp313-manylinux_2_5_i686.manylinux1_i686.manylinux_2_17_i686.manylinux2014_i686.whl", hash = "sha256:5236595ba59208369b36dc4cad566712257317c3e1fa054216967cf7afd4c674"},
    {file = "tarina-0.6.7-cp313-cp313-musllinux_1_2_aarch64.whl", hash = "sha256:d7e1111585c9c9d0e8bd1cad618bd3cd07beefdb5f4cc26c63776a1f3549038e"},
    {file = "tarina-0.6.7-cp313-cp313-musllinux_1_2_i686.whl", hash = "sha256:0891713041066787ced4489909ec46744d1ee3a540e7bc87ece7a0aac86b1ba3"},
    {file = "tarina-0.6.7-cp313-cp313-musllinux_1_2_ppc64le.whl", hash = "sha256:44699bbca310bac434f3cf55a2ee776a3bd590b87b2d9a82916791fee01f00ea"},
    {file = "tarina-0.6.7-cp313-cp313-musllinux_1_2_s390x.whl", hash = "sha256:031d80b07526b6ff96b9d08b0e51039b2749c24ffc607443a19318861a579f18"},
    {file = "tarina-0.6.7-cp313-cp313-musllinux_1_2_x86_64.whl", hash = "sha256:0fc26864184b4358e3c880fc63541a0d058161885e7c37a7194e08313d1ba6c0"},
    {file = "tarina-0.6.7-cp313-cp313-win32.whl", hash = "sha256:d8ef824db2ea175b5b00b30efcbabdee54f1e83f24f980ceeb1f067577096743"},
    {file = "tarina-0.6.7-cp313-cp313-win_amd64.whl", hash = "sha256:55d3d79a2f5dc58372cdb7afef2e8d140aab36f86b95ff5805b5344e58f763df"},
    {file = "tarina-0.6.7-cp39-cp39-macosx_10_9_universal2.whl", hash = "sha256:30451271eadd9fc0e7271ad810559f63a2213a1c43c52cec3f1cff445d959140"},
    {file = "tarina-0.6.7-cp39-cp39-macosx_10_9_x86_64.whl", hash = "sha256:43be241118a2a813324d7adfe16fcedb5d3ec411a8a010f68e4ffd034d584aa1"},
    {file = "tarina-0.6.7-cp39-cp39-macosx_11_0_arm64.whl", hash = "sha256:ac6971cd82dbd07e01b76498c94cc4d7311eca36c8fe854503b4ff6eb52c1db2"},
    {file = "tarina-0.6.7-cp39-cp39-manylinux_2_17_aarch64.manylinux2014_aarch64.whl", hash = "sha256:11192123e86a747ce6fb9367edeeccaf1ba8dc0d2a695e0f2695c5fb96c2cdf1"},
    {file = "tarina-0.6.7-cp39-cp39-manylinux_2_17_ppc64le.manylinux2014_ppc64le.whl", hash = "sha256:aa7409f81a8f3c00fe45831f9f6028fde428068993934b7988b9ee7aff3a96d1"},
    {file = "tarina-0.6.7-cp39-cp39-manylinux_2_17_s390x.manylinux2014_s390x.whl", hash = "sha256:6714c74e0ff041d851050e2f8cf70ddc16b460d98587d68e474d25dc2110ace4"},
    {file = "tarina-0.6.7-cp39-cp39-manylinux_2_17_x86_64.manylinux2014_x86_64.whl", hash = "sha256:888917801e905652b89ea0c4d778cce8d46a0d1deea6707e8082a25eb67cdceb"},
    {file = "tarina-0.6.7-cp39-cp39-manylinux_2_5_i686.manylinux1_i686.manylinux_2_17_i686.manylinux2014_i686.whl", hash = "sha256:0f3b2826136f34d7ad582c02cb00494f8b2f32ed012d70c813c96218f68bb110"},
    {file = "tarina-0.6.7-cp39-cp39-musllinux_1_2_aarch64.whl", hash = "sha256:6d43395792afc505d08068f55b18958a756a00d048ac6803cd5b0c2a9f1790ed"},
    {file = "tarina-0.6.7-cp39-cp39-musllinux_1_2_i686.whl", hash = "sha256:3f6419375a8707cb8794c9871c723ebdcf4781e1ec5bb08d7dea2d824871a7bc"},
    {file = "tarina-0.6.7-cp39-cp39-musllinux_1_2_ppc64le.whl", hash = "sha256:e8c43c3385b32fb667cfbd5ea1056f788895bb50243b2e3857c1363ef0b598cd"},
    {file = "tarina-0.6.7-cp39-cp39-musllinux_1_2_s390x.whl", hash = "sha256:e2fa7019bb3f6bd1019ae4a967b300d4e874deda303c750ca7128b552c8b8fe8"},
    {file = "tarina-0.6.7-cp39-cp39-musllinux_1_2_x86_64.whl", hash = "sha256:5569da8e59e0ff15d518191bb3e2e102a89227d292788ef487afa963670a5472"},
    {file = "tarina-0.6.7-cp39-cp39-win32.whl", hash = "sha256:545936c84824194800564199fe52411641785d1dfcd41efa54a1a97b8d634903"},
    {file = "tarina-0.6.7-cp39-cp39-win_amd64.whl", hash = "sha256:3795a1ee986952157bae2061e764cbf9c5898d6c56096f7760a2bedaf1ef1373"},
    {file = "tarina-0.6.7-py3-none-any.whl", hash = "sha256:fa440f0c6f262675ad23eb3743cdf80e12fd3819632f4c3f7eec7a3fc686c55a"},
    {file = "tarina-0.6.7.tar.gz", hash = "sha256:c990cb7bd7e76dbd10772a97c82450d176e66aab81890da11c650aec43657b6c"},
]

[[package]]
name = "tomli"
version = "2.2.1"
requires_python = ">=3.8"
summary = "A lil' TOML parser"
groups = ["dev"]
marker = "python_version < \"3.11\""
files = [
    {file = "tomli-2.2.1-cp311-cp311-macosx_10_9_x86_64.whl", hash = "sha256:678e4fa69e4575eb77d103de3df8a895e1591b48e740211bd1067378c69e8249"},
    {file = "tomli-2.2.1-cp311-cp311-macosx_11_0_arm64.whl", hash = "sha256:023aa114dd824ade0100497eb2318602af309e5a55595f76b626d6d9f3b7b0a6"},
    {file = "tomli-2.2.1-cp311-cp311-manylinux_2_17_aarch64.manylinux2014_aarch64.whl", hash = "sha256:ece47d672db52ac607a3d9599a9d48dcb2f2f735c6c2d1f34130085bb12b112a"},
    {file = "tomli-2.2.1-cp311-cp311-manylinux_2_17_x86_64.manylinux2014_x86_64.whl", hash = "sha256:6972ca9c9cc9f0acaa56a8ca1ff51e7af152a9f87fb64623e31d5c83700080ee"},
    {file = "tomli-2.2.1-cp311-cp311-manylinux_2_5_i686.manylinux1_i686.manylinux_2_17_i686.manylinux2014_i686.whl", hash = "sha256:c954d2250168d28797dd4e3ac5cf812a406cd5a92674ee4c8f123c889786aa8e"},
    {file = "tomli-2.2.1-cp311-cp311-musllinux_1_2_aarch64.whl", hash = "sha256:8dd28b3e155b80f4d54beb40a441d366adcfe740969820caf156c019fb5c7ec4"},
    {file = "tomli-2.2.1-cp311-cp311-musllinux_1_2_i686.whl", hash = "sha256:e59e304978767a54663af13c07b3d1af22ddee3bb2fb0618ca1593e4f593a106"},
    {file = "tomli-2.2.1-cp311-cp311-musllinux_1_2_x86_64.whl", hash = "sha256:33580bccab0338d00994d7f16f4c4ec25b776af3ffaac1ed74e0b3fc95e885a8"},
    {file = "tomli-2.2.1-cp311-cp311-win32.whl", hash = "sha256:465af0e0875402f1d226519c9904f37254b3045fc5084697cefb9bdde1ff99ff"},
    {file = "tomli-2.2.1-cp311-cp311-win_amd64.whl", hash = "sha256:2d0f2fdd22b02c6d81637a3c95f8cd77f995846af7414c5c4b8d0545afa1bc4b"},
    {file = "tomli-2.2.1-cp312-cp312-macosx_10_13_x86_64.whl", hash = "sha256:4a8f6e44de52d5e6c657c9fe83b562f5f4256d8ebbfe4ff922c495620a7f6cea"},
    {file = "tomli-2.2.1-cp312-cp312-macosx_11_0_arm64.whl", hash = "sha256:8d57ca8095a641b8237d5b079147646153d22552f1c637fd3ba7f4b0b29167a8"},
    {file = "tomli-2.2.1-cp312-cp312-manylinux_2_17_aarch64.manylinux2014_aarch64.whl", hash = "sha256:4e340144ad7ae1533cb897d406382b4b6fede8890a03738ff1683af800d54192"},
    {file = "tomli-2.2.1-cp312-cp312-manylinux_2_17_x86_64.manylinux2014_x86_64.whl", hash = "sha256:db2b95f9de79181805df90bedc5a5ab4c165e6ec3fe99f970d0e302f384ad222"},
    {file = "tomli-2.2.1-cp312-cp312-manylinux_2_5_i686.manylinux1_i686.manylinux_2_17_i686.manylinux2014_i686.whl", hash = "sha256:40741994320b232529c802f8bc86da4e1aa9f413db394617b9a256ae0f9a7f77"},
    {file = "tomli-2.2.1-cp312-cp312-musllinux_1_2_aarch64.whl", hash = "sha256:400e720fe168c0f8521520190686ef8ef033fb19fc493da09779e592861b78c6"},
    {file = "tomli-2.2.1-cp312-cp312-musllinux_1_2_i686.whl", hash = "sha256:02abe224de6ae62c19f090f68da4e27b10af2b93213d36cf44e6e1c5abd19fdd"},
    {file = "tomli-2.2.1-cp312-cp312-musllinux_1_2_x86_64.whl", hash = "sha256:b82ebccc8c8a36f2094e969560a1b836758481f3dc360ce9a3277c65f374285e"},
    {file = "tomli-2.2.1-cp312-cp312-win32.whl", hash = "sha256:889f80ef92701b9dbb224e49ec87c645ce5df3fa2cc548664eb8a25e03127a98"},
    {file = "tomli-2.2.1-cp312-cp312-win_amd64.whl", hash = "sha256:7fc04e92e1d624a4a63c76474610238576942d6b8950a2d7f908a340494e67e4"},
    {file = "tomli-2.2.1-cp313-cp313-macosx_10_13_x86_64.whl", hash = "sha256:f4039b9cbc3048b2416cc57ab3bda989a6fcf9b36cf8937f01a6e731b64f80d7"},
    {file = "tomli-2.2.1-cp313-cp313-macosx_11_0_arm64.whl", hash = "sha256:286f0ca2ffeeb5b9bd4fcc8d6c330534323ec51b2f52da063b11c502da16f30c"},
    {file = "tomli-2.2.1-cp313-cp313-manylinux_2_17_aarch64.manylinux2014_aarch64.whl", hash = "sha256:a92ef1a44547e894e2a17d24e7557a5e85a9e1d0048b0b5e7541f76c5032cb13"},
    {file = "tomli-2.2.1-cp313-cp313-manylinux_2_17_x86_64.manylinux2014_x86_64.whl", hash = "sha256:9316dc65bed1684c9a98ee68759ceaed29d229e985297003e494aa825ebb0281"},
    {file = "tomli-2.2.1-cp313-cp313-manylinux_2_5_i686.manylinux1_i686.manylinux_2_17_i686.manylinux2014_i686.whl", hash = "sha256:e85e99945e688e32d5a35c1ff38ed0b3f41f43fad8df0bdf79f72b2ba7bc5272"},
    {file = "tomli-2.2.1-cp313-cp313-musllinux_1_2_aarch64.whl", hash = "sha256:ac065718db92ca818f8d6141b5f66369833d4a80a9d74435a268c52bdfa73140"},
    {file = "tomli-2.2.1-cp313-cp313-musllinux_1_2_i686.whl", hash = "sha256:d920f33822747519673ee656a4b6ac33e382eca9d331c87770faa3eef562aeb2"},
    {file = "tomli-2.2.1-cp313-cp313-musllinux_1_2_x86_64.whl", hash = "sha256:a198f10c4d1b1375d7687bc25294306e551bf1abfa4eace6650070a5c1ae2744"},
    {file = "tomli-2.2.1-cp313-cp313-win32.whl", hash = "sha256:d3f5614314d758649ab2ab3a62d4f2004c825922f9e370b29416484086b264ec"},
    {file = "tomli-2.2.1-cp313-cp313-win_amd64.whl", hash = "sha256:a38aa0308e754b0e3c67e344754dff64999ff9b513e691d0e786265c93583c69"},
    {file = "tomli-2.2.1-py3-none-any.whl", hash = "sha256:cb55c73c5f4408779d0cf3eef9f762b9c9f147a77de7b258bef0a5628adc85cc"},
    {file = "tomli-2.2.1.tar.gz", hash = "sha256:cd45e1dc79c835ce60f7404ec8119f2eb06d38b1deba146f07ced3bbc44505ff"},
]

[[package]]
name = "typing-extensions"
version = "4.10.0"
requires_python = ">=3.8"
summary = "Backported and Experimental Type Hints for Python 3.8+"
groups = ["default", "dev"]
files = [
    {file = "typing_extensions-4.10.0-py3-none-any.whl", hash = "sha256:69b1a937c3a517342112fb4c6df7e72fc39a38e7891a5730ed4985b5214b5475"},
    {file = "typing_extensions-4.10.0.tar.gz", hash = "sha256:b0abd7c89e8fb96f98db18d86106ff1d90ab692004eb746cf6eda2682f91b3cb"},
]
